// !$*UTF8*$!
{
	archiveVersion = 1;
	classes = {
	};
	objectVersion = 46;
	objects = {

/* Begin PBXBuildFile section */
		F6F067D81DD0AE4300DCDCC0 /* main.m in Sources */ = {isa = PBXBuildFile; fileRef = F6F067D71DD0AE4300DCDCC0 /* main.m */; };
		F6F067DB1DD0AE4300DCDCC0 /* AppDelegate.m in Sources */ = {isa = PBXBuildFile; fileRef = F6F067DA1DD0AE4300DCDCC0 /* AppDelegate.m */; };
		F6F067DE1DD0AE4300DCDCC0 /* FirstViewController.m in Sources */ = {isa = PBXBuildFile; fileRef = F6F067DD1DD0AE4300DCDCC0 /* FirstViewController.m */; };
		F6F067E11DD0AE4300DCDCC0 /* SecondViewController.m in Sources */ = {isa = PBXBuildFile; fileRef = F6F067E01DD0AE4300DCDCC0 /* SecondViewController.m */; };
		F6F067E41DD0AE4300DCDCC0 /* Main.storyboard in Resources */ = {isa = PBXBuildFile; fileRef = F6F067E21DD0AE4300DCDCC0 /* Main.storyboard */; };
		F6F067E61DD0AE4300DCDCC0 /* Assets.xcassets in Resources */ = {isa = PBXBuildFile; fileRef = F6F067E51DD0AE4300DCDCC0 /* Assets.xcassets */; };
		F6F067E91DD0AE4300DCDCC0 /* LaunchScreen.storyboard in Resources */ = {isa = PBXBuildFile; fileRef = F6F067E71DD0AE4300DCDCC0 /* LaunchScreen.storyboard */; };
/* End PBXBuildFile section */

/* Begin PBXFileReference section */
		F6F067D31DD0AE4300DCDCC0 /* Tab bug tester.app */ = {isa = PBXFileReference; explicitFileType = wrapper.application; includeInIndex = 0; path = "Tab bug tester.app"; sourceTree = BUILT_PRODUCTS_DIR; };
		F6F067D71DD0AE4300DCDCC0 /* main.m */ = {isa = PBXFileReference; lastKnownFileType = sourcecode.c.objc; path = main.m; sourceTree = "<group>"; };
		F6F067D91DD0AE4300DCDCC0 /* AppDelegate.h */ = {isa = PBXFileReference; lastKnownFileType = sourcecode.c.h; path = AppDelegate.h; sourceTree = "<group>"; };
		F6F067DA1DD0AE4300DCDCC0 /* AppDelegate.m */ = {isa = PBXFileReference; lastKnownFileType = sourcecode.c.objc; path = AppDelegate.m; sourceTree = "<group>"; };
		F6F067DC1DD0AE4300DCDCC0 /* FirstViewController.h */ = {isa = PBXFileReference; lastKnownFileType = sourcecode.c.h; path = FirstViewController.h; sourceTree = "<group>"; };
		F6F067DD1DD0AE4300DCDCC0 /* FirstViewController.m */ = {isa = PBXFileReference; lastKnownFileType = sourcecode.c.objc; path = FirstViewController.m; sourceTree = "<group>"; };
		F6F067DF1DD0AE4300DCDCC0 /* SecondViewController.h */ = {isa = PBXFileReference; lastKnownFileType = sourcecode.c.h; path = SecondViewController.h; sourceTree = "<group>"; };
		F6F067E01DD0AE4300DCDCC0 /* SecondViewController.m */ = {isa = PBXFileReference; lastKnownFileType = sourcecode.c.objc; path = SecondViewController.m; sourceTree = "<group>"; };
		F6F067E31DD0AE4300DCDCC0 /* Base */ = {isa = PBXFileReference; lastKnownFileType = file.storyboard; name = Base; path = Base.lproj/Main.storyboard; sourceTree = "<group>"; };
		F6F067E51DD0AE4300DCDCC0 /* Assets.xcassets */ = {isa = PBXFileReference; lastKnownFileType = folder.assetcatalog; path = Assets.xcassets; sourceTree = "<group>"; };
		F6F067E81DD0AE4300DCDCC0 /* Base */ = {isa = PBXFileReference; lastKnownFileType = file.storyboard; name = Base; path = Base.lproj/LaunchScreen.storyboard; sourceTree = "<group>"; };
		F6F067EA1DD0AE4300DCDCC0 /* Info.plist */ = {isa = PBXFileReference; lastKnownFileType = text.plist.xml; path = Info.plist; sourceTree = "<group>"; };
/* End PBXFileReference section */

/* Begin PBXFrameworksBuildPhase section */
		F6F067D01DD0AE4300DCDCC0 /* Frameworks */ = {
			isa = PBXFrameworksBuildPhase;
			buildActionMask = 2147483647;
			files = (
			);
			runOnlyForDeploymentPostprocessing = 0;
		};
/* End PBXFrameworksBuildPhase section */

/* Begin PBXGroup section */
		F6F067CA1DD0AE4300DCDCC0 = {
			isa = PBXGroup;
			children = (
				F6F067D51DD0AE4300DCDCC0 /* Tab bug tester */,
				F6F067D41DD0AE4300DCDCC0 /* Products */,
			);
			sourceTree = "<group>";
		};
		F6F067D41DD0AE4300DCDCC0 /* Products */ = {
			isa = PBXGroup;
			children = (
				F6F067D31DD0AE4300DCDCC0 /* Tab bug tester.app */,
			);
			name = Products;
			sourceTree = "<group>";
		};
		F6F067D51DD0AE4300DCDCC0 /* Tab bug tester */ = {
			isa = PBXGroup;
			children = (
				F6F067D91DD0AE4300DCDCC0 /* AppDelegate.h */,
				F6F067DA1DD0AE4300DCDCC0 /* AppDelegate.m */,
				F6F067DC1DD0AE4300DCDCC0 /* FirstViewController.h */,
				F6F067DD1DD0AE4300DCDCC0 /* FirstViewController.m */,
				F6F067DF1DD0AE4300DCDCC0 /* SecondViewController.h */,
				F6F067E01DD0AE4300DCDCC0 /* SecondViewController.m */,
				F6F067E21DD0AE4300DCDCC0 /* Main.storyboard */,
				F6F067E51DD0AE4300DCDCC0 /* Assets.xcassets */,
				F6F067E71DD0AE4300DCDCC0 /* LaunchScreen.storyboard */,
				F6F067EA1DD0AE4300DCDCC0 /* Info.plist */,
				F6F067D61DD0AE4300DCDCC0 /* Supporting Files */,
			);
			path = "Tab bug tester";
			sourceTree = "<group>";
		};
		F6F067D61DD0AE4300DCDCC0 /* Supporting Files */ = {
			isa = PBXGroup;
			children = (
				F6F067D71DD0AE4300DCDCC0 /* main.m */,
			);
			name = "Supporting Files";
			sourceTree = "<group>";
		};
/* End PBXGroup section */

/* Begin PBXNativeTarget section */
		F6F067D21DD0AE4300DCDCC0 /* Tab bug tester */ = {
			isa = PBXNativeTarget;
			buildConfigurationList = F6F067ED1DD0AE4300DCDCC0 /* Build configuration list for PBXNativeTarget "Tab bug tester" */;
			buildPhases = (
				F6F067CF1DD0AE4300DCDCC0 /* Sources */,
				F6F067D01DD0AE4300DCDCC0 /* Frameworks */,
				F6F067D11DD0AE4300DCDCC0 /* Resources */,
			);
			buildRules = (
			);
			dependencies = (
			);
			name = "Tab bug tester";
			productName = "Tab bug tester";
			productReference = F6F067D31DD0AE4300DCDCC0 /* Tab bug tester.app */;
			productType = "com.apple.product-type.application";
		};
/* End PBXNativeTarget section */

/* Begin PBXProject section */
		F6F067CB1DD0AE4300DCDCC0 /* Project object */ = {
			isa = PBXProject;
			attributes = {
				LastUpgradeCheck = 0810;
				ORGANIZATIONNAME = percysnoodle.com;
				TargetAttributes = {
					F6F067D21DD0AE4300DCDCC0 = {
						CreatedOnToolsVersion = 8.1;
						ProvisioningStyle = Automatic;
					};
				};
			};
			buildConfigurationList = F6F067CE1DD0AE4300DCDCC0 /* Build configuration list for PBXProject "Tab bug tester" */;
			compatibilityVersion = "Xcode 3.2";
			developmentRegion = English;
			hasScannedForEncodings = 0;
			knownRegions = (
				en,
				Base,
			);
			mainGroup = F6F067CA1DD0AE4300DCDCC0;
			productRefGroup = F6F067D41DD0AE4300DCDCC0 /* Products */;
			projectDirPath = "";
			projectRoot = "";
			targets = (
				F6F067D21DD0AE4300DCDCC0 /* Tab bug tester */,
			);
		};
/* End PBXProject section */

/* Begin PBXResourcesBuildPhase section */
		F6F067D11DD0AE4300DCDCC0 /* Resources */ = {
			isa = PBXResourcesBuildPhase;
			buildActionMask = 2147483647;
			files = (
				F6F067E91DD0AE4300DCDCC0 /* LaunchScreen.storyboard in Resources */,
				F6F067E61DD0AE4300DCDCC0 /* Assets.xcassets in Resources */,
				F6F067E41DD0AE4300DCDCC0 /* Main.storyboard in Resources */,
			);
			runOnlyForDeploymentPostprocessing = 0;
		};
/* End PBXResourcesBuildPhase section */

/* Begin PBXSourcesBuildPhase section */
		F6F067CF1DD0AE4300DCDCC0 /* Sources */ = {
			isa = PBXSourcesBuildPhase;
			buildActionMask = 2147483647;
			files = (
				F6F067E11DD0AE4300DCDCC0 /* SecondViewController.m in Sources */,
				F6F067DB1DD0AE4300DCDCC0 /* AppDelegate.m in Sources */,
				F6F067DE1DD0AE4300DCDCC0 /* FirstViewController.m in Sources */,
				F6F067D81DD0AE4300DCDCC0 /* main.m in Sources */,
			);
			runOnlyForDeploymentPostprocessing = 0;
		};
/* End PBXSourcesBuildPhase section */

/* Begin PBXVariantGroup section */
		F6F067E21DD0AE4300DCDCC0 /* Main.storyboard */ = {
			isa = PBXVariantGroup;
			children = (
				F6F067E31DD0AE4300DCDCC0 /* Base */,
			);
			name = Main.storyboard;
			sourceTree = "<group>";
		};
		F6F067E71DD0AE4300DCDCC0 /* LaunchScreen.storyboard */ = {
			isa = PBXVariantGroup;
			children = (
				F6F067E81DD0AE4300DCDCC0 /* Base */,
			);
			name = LaunchScreen.storyboard;
			sourceTree = "<group>";
		};
/* End PBXVariantGroup section */

/* Begin XCBuildConfiguration section */
		F6F067EB1DD0AE4300DCDCC0 /* Debug */ = {
			isa = XCBuildConfiguration;
			buildSettings = {
				ALWAYS_SEARCH_USER_PATHS = NO;
				CLANG_ANALYZER_NONNULL = YES;
				CLANG_CXX_LANGUAGE_STANDARD = "gnu++0x";
				CLANG_CXX_LIBRARY = "libc++";
				CLANG_ENABLE_MODULES = YES;
				CLANG_ENABLE_OBJC_ARC = YES;
				CLANG_WARN_BOOL_CONVERSION = YES;
				CLANG_WARN_CONSTANT_CONVERSION = YES;
				CLANG_WARN_DIRECT_OBJC_ISA_USAGE = YES_ERROR;
				CLANG_WARN_DOCUMENTATION_COMMENTS = YES;
				CLANG_WARN_EMPTY_BODY = YES;
				CLANG_WARN_ENUM_CONVERSION = YES;
				CLANG_WARN_INFINITE_RECURSION = YES;
				CLANG_WARN_INT_CONVERSION = YES;
				CLANG_WARN_OBJC_ROOT_CLASS = YES_ERROR;
				CLANG_WARN_SUSPICIOUS_MOVES = YES;
				CLANG_WARN_UNREACHABLE_CODE = YES;
				CLANG_WARN__DUPLICATE_METHOD_MATCH = YES;
				"CODE_SIGN_IDENTITY[sdk=iphoneos*]" = "iPhone Developer";
				COPY_PHASE_STRIP = NO;
				DEBUG_INFORMATION_FORMAT = dwarf;
				ENABLE_STRICT_OBJC_MSGSEND = YES;
				ENABLE_TESTABILITY = YES;
				GCC_C_LANGUAGE_STANDARD = gnu99;
				GCC_DYNAMIC_NO_PIC = NO;
				GCC_NO_COMMON_BLOCKS = YES;
				GCC_OPTIMIZATION_LEVEL = 0;
				GCC_PREPROCESSOR_DEFINITIONS = (
					"DEBUG=1",
					"$(inherited)",
				);
				GCC_WARN_64_TO_32_BIT_CONVERSION = YES;
				GCC_WARN_ABOUT_RETURN_TYPE = YES_ERROR;
				GCC_WARN_UNDECLARED_SELECTOR = YES;
				GCC_WARN_UNINITIALIZED_AUTOS = YES_AGGRESSIVE;
				GCC_WARN_UNUSED_FUNCTION = YES;
				GCC_WARN_UNUSED_VARIABLE = YES;
				IPHONEOS_DEPLOYMENT_TARGET = 10.1;
				MTL_ENABLE_DEBUG_INFO = YES;
				ONLY_ACTIVE_ARCH = YES;
				SDKROOT = iphoneos;
				TARGETED_DEVICE_FAMILY = "1,2";
			};
			name = Debug;
		};
		F6F067EC1DD0AE4300DCDCC0 /* Release */ = {
			isa = XCBuildConfiguration;
			buildSettings = {
				ALWAYS_SEARCH_USER_PATHS = NO;
				CLANG_ANALYZER_NONNULL = YES;
				CLANG_CXX_LANGUAGE_STANDARD = "gnu++0x";
				CLANG_CXX_LIBRARY = "libc++";
				CLANG_ENABLE_MODULES = YES;
				CLANG_ENABLE_OBJC_ARC = YES;
				CLANG_WARN_BOOL_CONVERSION = YES;
				CLANG_WARN_CONSTANT_CONVERSION = YES;
				CLANG_WARN_DIRECT_OBJC_ISA_USAGE = YES_ERROR;
				CLANG_WARN_DOCUMENTATION_COMMENTS = YES;
				CLANG_WARN_EMPTY_BODY = YES;
				CLANG_WARN_ENUM_CONVERSION = YES;
				CLANG_WARN_INFINITE_RECURSION = YES;
				CLANG_WARN_INT_CONVERSION = YES;
				CLANG_WARN_OBJC_ROOT_CLASS = YES_ERROR;
				CLANG_WARN_SUSPICIOUS_MOVES = YES;
				CLANG_WARN_UNREACHABLE_CODE = YES;
				CLANG_WARN__DUPLICATE_METHOD_MATCH = YES;
				"CODE_SIGN_IDENTITY[sdk=iphoneos*]" = "iPhone Developer";
				COPY_PHASE_STRIP = NO;
				DEBUG_INFORMATION_FORMAT = "dwarf-with-dsym";
				ENABLE_NS_ASSERTIONS = NO;
				ENABLE_STRICT_OBJC_MSGSEND = YES;
				GCC_C_LANGUAGE_STANDARD = gnu99;
				GCC_NO_COMMON_BLOCKS = YES;
				GCC_WARN_64_TO_32_BIT_CONVERSION = YES;
				GCC_WARN_ABOUT_RETURN_TYPE = YES_ERROR;
				GCC_WARN_UNDECLARED_SELECTOR = YES;
				GCC_WARN_UNINITIALIZED_AUTOS = YES_AGGRESSIVE;
				GCC_WARN_UNUSED_FUNCTION = YES;
				GCC_WARN_UNUSED_VARIABLE = YES;
				IPHONEOS_DEPLOYMENT_TARGET = 10.1;
				MTL_ENABLE_DEBUG_INFO = NO;
				SDKROOT = iphoneos;
				TARGETED_DEVICE_FAMILY = "1,2";
				VALIDATE_PRODUCT = YES;
			};
			name = Release;
		};
		F6F067EE1DD0AE4300DCDCC0 /* Debug */ = {
			isa = XCBuildConfiguration;
			buildSettings = {
				ASSETCATALOG_COMPILER_APPICON_NAME = AppIcon;
				INFOPLIST_FILE = "Tab bug tester/Info.plist";
				LD_RUNPATH_SEARCH_PATHS = "$(inherited) @executable_path/Frameworks";
				PRODUCT_BUNDLE_IDENTIFIER = "com.percysnoodle.Tab-bug-tester";
				PRODUCT_NAME = "$(TARGET_NAME)";
			};
			name = Debug;
		};
		F6F067EF1DD0AE4300DCDCC0 /* Release */ = {
			isa = XCBuildConfiguration;
			buildSettings = {
				ASSETCATALOG_COMPILER_APPICON_NAME = AppIcon;
				INFOPLIST_FILE = "Tab bug tester/Info.plist";
				LD_RUNPATH_SEARCH_PATHS = "$(inherited) @executable_path/Frameworks";
				PRODUCT_BUNDLE_IDENTIFIER = "com.percysnoodle.Tab-bug-tester";
				PRODUCT_NAME = "$(TARGET_NAME)";
			};
			name = Release;
		};
/* End XCBuildConfiguration section */

/* Begin XCConfigurationList section */
		F6F067CE1DD0AE4300DCDCC0 /* Build configuration list for PBXProject "Tab bug tester" */ = {
			isa = XCConfigurationList;
			buildConfigurations = (
				F6F067EB1DD0AE4300DCDCC0 /* Debug */,
				F6F067EC1DD0AE4300DCDCC0 /* Release */,
			);
			defaultConfigurationIsVisible = 0;
			defaultConfigurationName = Release;
		};
		F6F067ED1DD0AE4300DCDCC0 /* Build configuration list for PBXNativeTarget "Tab bug tester" */ = {
			isa = XCConfigurationList;
			buildConfigurations = (
				F6F067EE1DD0AE4300DCDCC0 /* Debug */,
				F6F067EF1DD0AE4300DCDCC0 /* Release */,
			);
			defaultConfigurationIsVisible = 0;
		};
/* End XCConfigurationList section */
	};
	rootObject = F6F067CB1DD0AE4300DCDCC0 /* Project object */;
}
